PODS:
  - ReactiveObjC (3.1.0)
  - ShutDownCellTimerLib (1.0.4):
    - ReactiveObjC (~> 3.1.0)

DEPENDENCIES:
  - ShutDownCellTimerLib (from `../`)

SPEC REPOS:
  https://github.com/cocoapods/specs.git:
    - ReactiveObjC

EXTERNAL SOURCES:
  ShutDownCellTimerLib:
    :path: "../"

SPEC CHECKSUMS:
  ReactiveObjC: 2a38ea15335de4119d8b17caf1db1484f61db902
  ShutDownCellTimerLib: d76b7f180a87ff5ee5299931b4c812def3d6b88a

PODFILE CHECKSUM: ee4f78289f6f1631dc1f9fb14cbbedb806ce8aca

COCOAPODS: 1.6.1
